
Microsoft Visual Studio Solution File, Format Version 12.00
# Visual Studio Version 17
VisualStudioVersion = 17.14.36301.6 d17.14
MinimumVisualStudioVersion = 10.0.40219.1
Project("{FAE04EC0-301F-11D3-BF4B-00C04F79EFBC}") = "CarrotTextRPG", "CarrotTextRPG.csproj", "{CC37F444-F1D5-403F-8288-5ADC7394AB21}"
EndProject
Global
	GlobalSection(SolutionConfigurationPlatforms) = preSolution
		Debug|Any CPU = Debug|Any CPU
		Release|Any CPU = Release|Any CPU
	EndGlobalSection
	GlobalSection(ProjectConfigurationPlatforms) = postSolution
		{CC37F444-F1D5-403F-8288-5ADC7394AB21}.Debug|Any CPU.ActiveCfg = Debug|Any CPU
		{CC37F444-F1D5-403F-8288-5ADC7394AB21}.Debug|Any CPU.Build.0 = Debug|Any CPU
		{CC37F444-F1D5-403F-8288-5ADC7394AB21}.Release|Any CPU.ActiveCfg = Release|Any CPU
		{CC37F444-F1D5-403F-8288-5ADC7394AB21}.Release|Any CPU.Build.0 = Release|Any CPU
	EndGlobalSection
	GlobalSection(SolutionProperties) = preSolution
		HideSolutionNode = FALSE
	EndGlobalSection
	GlobalSection(ExtensibilityGlobals) = postSolution
		SolutionGuid = {87B7E579-EE2C-4A56-AC7E-07968D26774D}
	EndGlobalSection
EndGlobal
